// !$*UTF8*$!
{
	archiveVersion = 1;
	classes = {
	};
	objectVersion = 46;
	objects = {

/* Begin PBXBuildFile section */
		8E13563813621BC90038C749 /* UIKit.framework in Frameworks */ = {isa = PBXBuildFile; fileRef = 8E13563713621BC90038C749 /* UIKit.framework */; };
		8E13563A13621BC90038C749 /* Foundation.framework in Frameworks */ = {isa = PBXBuildFile; fileRef = 8E13563913621BC90038C749 /* Foundation.framework */; };
		8E13563C13621BC90038C749 /* CoreGraphics.framework in Frameworks */ = {isa = PBXBuildFile; fileRef = 8E13563B13621BC90038C749 /* CoreGraphics.framework */; };
		8E13564213621BC90038C749 /* InfoPlist.strings in Resources */ = {isa = PBXBuildFile; fileRef = 8E13564013621BC90038C749 /* InfoPlist.strings */; };
		8E13564513621BC90038C749 /* main.m in Sources */ = {isa = PBXBuildFile; fileRef = 8E13564413621BC90038C749 /* main.m */; };
		8E13564813621BC90038C749 /* NineteenEightyFourAppDelegate.m in Sources */ = {isa = PBXBuildFile; fileRef = 8E13564713621BC90038C749 /* NineteenEightyFourAppDelegate.m */; };
		8E13564B13621BC90038C749 /* MainWindow.xib in Resources */ = {isa = PBXBuildFile; fileRef = 8E13564913621BC90038C749 /* MainWindow.xib */; };
		8E13565213621BCA0038C749 /* UIKit.framework in Frameworks */ = {isa = PBXBuildFile; fileRef = 8E13563713621BC90038C749 /* UIKit.framework */; };
		8E13565313621BCA0038C749 /* Foundation.framework in Frameworks */ = {isa = PBXBuildFile; fileRef = 8E13563913621BC90038C749 /* Foundation.framework */; };
		8E13565413621BCA0038C749 /* CoreGraphics.framework in Frameworks */ = {isa = PBXBuildFile; fileRef = 8E13563B13621BC90038C749 /* CoreGraphics.framework */; };
		8E13565C13621BCA0038C749 /* InfoPlist.strings in Resources */ = {isa = PBXBuildFile; fileRef = 8E13565A13621BCA0038C749 /* InfoPlist.strings */; };
		8E13566D1362210E0038C749 /* MapKit.framework in Frameworks */ = {isa = PBXBuildFile; fileRef = 8E13566C1362210E0038C749 /* MapKit.framework */; };
		8E1C8E0213632D5D0081C5F7 /* vignette.png in Resources */ = {isa = PBXBuildFile; fileRef = 8E1C8E0113632D5D0081C5F7 /* vignette.png */; };
		8E1C8E3A136338020081C5F7 /* Icon.png in Resources */ = {isa = PBXBuildFile; fileRef = 8E1C8E37136338020081C5F7 /* Icon.png */; };
		8E1C8E3B136338020081C5F7 /* Icon@2.png in Resources */ = {isa = PBXBuildFile; fileRef = 8E1C8E38136338020081C5F7 /* Icon@2.png */; };
		8E1C8E3C136338020081C5F7 /* iTunesArtwork in Resources */ = {isa = PBXBuildFile; fileRef = 8E1C8E39136338020081C5F7 /* iTunesArtwork */; };
		8E2DBBB013640C8B00F582DD /* MediaPlayer.framework in Frameworks */ = {isa = PBXBuildFile; fileRef = 8E2DBBAF13640C8B00F582DD /* MediaPlayer.framework */; };
		8EB39298136367B700E96B04 /* CameraOverlayView.m in Sources */ = {isa = PBXBuildFile; fileRef = 8EB39297136367B600E96B04 /* CameraOverlayView.m */; };
		8EB392A513636F5900E96B04 /* CameraOverlay.m in Sources */ = {isa = PBXBuildFile; fileRef = 8EB392A413636F5900E96B04 /* CameraOverlay.m */; };
		8EB392A713637A5100E96B04 /* oeil.png in Resources */ = {isa = PBXBuildFile; fileRef = 8EB392A613637A5100E96B04 /* oeil.png */; };
		8EE2A80E13640378000A72B1 /* intro.m4v in Resources */ = {isa = PBXBuildFile; fileRef = 8EE2A80D13640378000A72B1 /* intro.m4v */; };
		F41938DD136398A7000FF869 /* intro.wav in Resources */ = {isa = PBXBuildFile; fileRef = F41938DC136398A7000FF869 /* intro.wav */; };
		F41938E013639A15000FF869 /* AVFoundation.framework in Frameworks */ = {isa = PBXBuildFile; fileRef = F41938DF13639A15000FF869 /* AVFoundation.framework */; };
		F41938E21363A075000FF869 /* son_game.wav in Resources */ = {isa = PBXBuildFile; fileRef = F41938E11363A075000FF869 /* son_game.wav */; };
		F428CAEB1362C01600B93651 /* CoreLocation.framework in Frameworks */ = {isa = PBXBuildFile; fileRef = F428CAEA1362C01600B93651 /* CoreLocation.framework */; };
		F4547A641362E3DE00D39F65 /* CameraTests.m in Sources */ = {isa = PBXBuildFile; fileRef = F4547A631362E3DE00D39F65 /* CameraTests.m */; };
		F4547A681362E62200D39F65 /* Camera.m in Sources */ = {isa = PBXBuildFile; fileRef = F4547A671362E62200D39F65 /* Camera.m */; };
		F4547A691362E62200D39F65 /* Camera.m in Sources */ = {isa = PBXBuildFile; fileRef = F4547A671362E62200D39F65 /* Camera.m */; };
		F4547A6A1362E65800D39F65 /* CoreLocation.framework in Frameworks */ = {isa = PBXBuildFile; fileRef = F428CAEA1362C01600B93651 /* CoreLocation.framework */; };
		F46B85311362356600B56B4A /* GameViewController.m in Sources */ = {isa = PBXBuildFile; fileRef = F46B852F1362356600B56B4A /* GameViewController.m */; };
		F46B85321362356600B56B4A /* GameViewController.xib in Resources */ = {isa = PBXBuildFile; fileRef = F46B85301362356600B56B4A /* GameViewController.xib */; };
		F49D2BD31363854E00DABCFE /* MenuViewController.m in Sources */ = {isa = PBXBuildFile; fileRef = F49D2BD11363854E00DABCFE /* MenuViewController.m */; };
		F49D2BD41363854E00DABCFE /* MenuViewController.xib in Resources */ = {isa = PBXBuildFile; fileRef = F49D2BD21363854E00DABCFE /* MenuViewController.xib */; };
		F49D2BD913638E5D00DABCFE /* home.png in Resources */ = {isa = PBXBuildFile; fileRef = F49D2BD813638E5D00DABCFE /* home.png */; };
/* End PBXBuildFile section */

/* Begin PBXContainerItemProxy section */
		8E13565513621BCA0038C749 /* PBXContainerItemProxy */ = {
			isa = PBXContainerItemProxy;
			containerPortal = 8E13562A13621BC80038C749 /* Project object */;
			proxyType = 1;
			remoteGlobalIDString = 8E13563213621BC90038C749;
			remoteInfo = NineteenEightyFour;
		};
/* End PBXContainerItemProxy section */

/* Begin PBXFileReference section */
		8E13563313621BC90038C749 /* NineteenEightyFour.app */ = {isa = PBXFileReference; explicitFileType = wrapper.application; includeInIndex = 0; path = NineteenEightyFour.app; sourceTree = BUILT_PRODUCTS_DIR; };
		8E13563713621BC90038C749 /* UIKit.framework */ = {isa = PBXFileReference; lastKnownFileType = wrapper.framework; name = UIKit.framework; path = System/Library/Frameworks/UIKit.framework; sourceTree = SDKROOT; };
		8E13563913621BC90038C749 /* Foundation.framework */ = {isa = PBXFileReference; lastKnownFileType = wrapper.framework; name = Foundation.framework; path = System/Library/Frameworks/Foundation.framework; sourceTree = SDKROOT; };
		8E13563B13621BC90038C749 /* CoreGraphics.framework */ = {isa = PBXFileReference; lastKnownFileType = wrapper.framework; name = CoreGraphics.framework; path = System/Library/Frameworks/CoreGraphics.framework; sourceTree = SDKROOT; };
		8E13563F13621BC90038C749 /* NineteenEightyFour-Info.plist */ = {isa = PBXFileReference; lastKnownFileType = text.plist.xml; path = "NineteenEightyFour-Info.plist"; sourceTree = "<group>"; };
		8E13564113621BC90038C749 /* en */ = {isa = PBXFileReference; lastKnownFileType = text.plist.strings; name = en; path = en.lproj/InfoPlist.strings; sourceTree = "<group>"; };
		8E13564313621BC90038C749 /* NineteenEightyFour-Prefix.pch */ = {isa = PBXFileReference; lastKnownFileType = sourcecode.c.h; path = "NineteenEightyFour-Prefix.pch"; sourceTree = "<group>"; };
		8E13564413621BC90038C749 /* main.m */ = {isa = PBXFileReference; lastKnownFileType = sourcecode.c.objc; path = main.m; sourceTree = "<group>"; };
		8E13564613621BC90038C749 /* NineteenEightyFourAppDelegate.h */ = {isa = PBXFileReference; lastKnownFileType = sourcecode.c.h; path = NineteenEightyFourAppDelegate.h; sourceTree = "<group>"; };
		8E13564713621BC90038C749 /* NineteenEightyFourAppDelegate.m */ = {isa = PBXFileReference; lastKnownFileType = sourcecode.c.objc; path = NineteenEightyFourAppDelegate.m; sourceTree = "<group>"; };
		8E13564A13621BC90038C749 /* en */ = {isa = PBXFileReference; lastKnownFileType = file.xib; name = en; path = en.lproj/MainWindow.xib; sourceTree = "<group>"; };
		8E13565113621BCA0038C749 /* NineteenEightyFourTests.octest */ = {isa = PBXFileReference; explicitFileType = wrapper.cfbundle; includeInIndex = 0; path = NineteenEightyFourTests.octest; sourceTree = BUILT_PRODUCTS_DIR; };
		8E13565913621BCA0038C749 /* NineteenEightyFourTests-Info.plist */ = {isa = PBXFileReference; lastKnownFileType = text.plist.xml; path = "NineteenEightyFourTests-Info.plist"; sourceTree = "<group>"; };
		8E13565B13621BCA0038C749 /* en */ = {isa = PBXFileReference; lastKnownFileType = text.plist.strings; name = en; path = en.lproj/InfoPlist.strings; sourceTree = "<group>"; };
		8E13565D13621BCA0038C749 /* NineteenEightyFourTests-Prefix.pch */ = {isa = PBXFileReference; lastKnownFileType = sourcecode.c.h; path = "NineteenEightyFourTests-Prefix.pch"; sourceTree = "<group>"; };
		8E13566C1362210E0038C749 /* MapKit.framework */ = {isa = PBXFileReference; lastKnownFileType = wrapper.framework; name = MapKit.framework; path = System/Library/Frameworks/MapKit.framework; sourceTree = SDKROOT; };
		8E1C8E0113632D5D0081C5F7 /* vignette.png */ = {isa = PBXFileReference; lastKnownFileType = image.png; path = vignette.png; sourceTree = "<group>"; };
		8E1C8E37136338020081C5F7 /* Icon.png */ = {isa = PBXFileReference; lastKnownFileType = image.png; path = Icon.png; sourceTree = "<group>"; };
		8E1C8E38136338020081C5F7 /* Icon@2.png */ = {isa = PBXFileReference; lastKnownFileType = image.png; path = "Icon@2.png"; sourceTree = "<group>"; };
		8E1C8E39136338020081C5F7 /* iTunesArtwork */ = {isa = PBXFileReference; lastKnownFileType = file; path = iTunesArtwork; sourceTree = "<group>"; };
		8E2DBBAF13640C8B00F582DD /* MediaPlayer.framework */ = {isa = PBXFileReference; lastKnownFileType = wrapper.framework; name = MediaPlayer.framework; path = System/Library/Frameworks/MediaPlayer.framework; sourceTree = SDKROOT; };
		8EB39296136367B600E96B04 /* CameraOverlayView.h */ = {isa = PBXFileReference; fileEncoding = 4; lastKnownFileType = sourcecode.c.h; path = CameraOverlayView.h; sourceTree = "<group>"; };
		8EB39297136367B600E96B04 /* CameraOverlayView.m */ = {isa = PBXFileReference; fileEncoding = 4; lastKnownFileType = sourcecode.c.objc; path = CameraOverlayView.m; sourceTree = "<group>"; };
		8EB392A313636F5900E96B04 /* CameraOverlay.h */ = {isa = PBXFileReference; fileEncoding = 4; lastKnownFileType = sourcecode.c.h; path = CameraOverlay.h; sourceTree = "<group>"; };
		8EB392A413636F5900E96B04 /* CameraOverlay.m */ = {isa = PBXFileReference; fileEncoding = 4; lastKnownFileType = sourcecode.c.objc; path = CameraOverlay.m; sourceTree = "<group>"; };
		8EB392A613637A5100E96B04 /* oeil.png */ = {isa = PBXFileReference; lastKnownFileType = image.png; path = oeil.png; sourceTree = "<group>"; };
		8EE2A80D13640378000A72B1 /* intro.m4v */ = {isa = PBXFileReference; lastKnownFileType = file; path = intro.m4v; sourceTree = "<group>"; };
		F41938DC136398A7000FF869 /* intro.wav */ = {isa = PBXFileReference; lastKnownFileType = audio.wav; path = intro.wav; sourceTree = "<group>"; };
		F41938DF13639A15000FF869 /* AVFoundation.framework */ = {isa = PBXFileReference; lastKnownFileType = wrapper.framework; name = AVFoundation.framework; path = System/Library/Frameworks/AVFoundation.framework; sourceTree = SDKROOT; };
		F41938E11363A075000FF869 /* son_game.wav */ = {isa = PBXFileReference; lastKnownFileType = audio.wav; path = son_game.wav; sourceTree = "<group>"; };
		F428CAEA1362C01600B93651 /* CoreLocation.framework */ = {isa = PBXFileReference; lastKnownFileType = wrapper.framework; name = CoreLocation.framework; path = System/Library/Frameworks/CoreLocation.framework; sourceTree = SDKROOT; };
		F4547A631362E3DE00D39F65 /* CameraTests.m */ = {isa = PBXFileReference; fileEncoding = 4; lastKnownFileType = sourcecode.c.objc; path = CameraTests.m; sourceTree = "<group>"; };
		F4547A661362E62200D39F65 /* Camera.h */ = {isa = PBXFileReference; fileEncoding = 4; lastKnownFileType = sourcecode.c.h; path = Camera.h; sourceTree = "<group>"; };
		F4547A671362E62200D39F65 /* Camera.m */ = {isa = PBXFileReference; fileEncoding = 4; lastKnownFileType = sourcecode.c.objc; path = Camera.m; sourceTree = "<group>"; };
		F46B852E1362356600B56B4A /* GameViewController.h */ = {isa = PBXFileReference; fileEncoding = 4; lastKnownFileType = sourcecode.c.h; path = GameViewController.h; sourceTree = "<group>"; };
		F46B852F1362356600B56B4A /* GameViewController.m */ = {isa = PBXFileReference; fileEncoding = 4; lastKnownFileType = sourcecode.c.objc; path = GameViewController.m; sourceTree = "<group>"; };
		F46B85301362356600B56B4A /* GameViewController.xib */ = {isa = PBXFileReference; fileEncoding = 4; lastKnownFileType = file.xib; path = GameViewController.xib; sourceTree = "<group>"; };
		F49D2BD01363854E00DABCFE /* MenuViewController.h */ = {isa = PBXFileReference; fileEncoding = 4; lastKnownFileType = sourcecode.c.h; path = MenuViewController.h; sourceTree = "<group>"; };
		F49D2BD11363854E00DABCFE /* MenuViewController.m */ = {isa = PBXFileReference; fileEncoding = 4; lastKnownFileType = sourcecode.c.objc; path = MenuViewController.m; sourceTree = "<group>"; };
		F49D2BD21363854E00DABCFE /* MenuViewController.xib */ = {isa = PBXFileReference; fileEncoding = 4; lastKnownFileType = file.xib; path = MenuViewController.xib; sourceTree = "<group>"; };
		F49D2BD813638E5D00DABCFE /* home.png */ = {isa = PBXFileReference; lastKnownFileType = image.png; path = home.png; sourceTree = "<group>"; };
/* End PBXFileReference section */

/* Begin PBXFrameworksBuildPhase section */
		8E13563013621BC90038C749 /* Frameworks */ = {
			isa = PBXFrameworksBuildPhase;
			buildActionMask = 2147483647;
			files = (
				8E2DBBB013640C8B00F582DD /* MediaPlayer.framework in Frameworks */,
				F41938E013639A15000FF869 /* AVFoundation.framework in Frameworks */,
				F428CAEB1362C01600B93651 /* CoreLocation.framework in Frameworks */,
				8E13563813621BC90038C749 /* UIKit.framework in Frameworks */,
				8E13563A13621BC90038C749 /* Foundation.framework in Frameworks */,
				8E13563C13621BC90038C749 /* CoreGraphics.framework in Frameworks */,
				8E13566D1362210E0038C749 /* MapKit.framework in Frameworks */,
			);
			runOnlyForDeploymentPostprocessing = 0;
		};
		8E13564D13621BCA0038C749 /* Frameworks */ = {
			isa = PBXFrameworksBuildPhase;
			buildActionMask = 2147483647;
			files = (
				8E13565213621BCA0038C749 /* UIKit.framework in Frameworks */,
				8E13565313621BCA0038C749 /* Foundation.framework in Frameworks */,
				8E13565413621BCA0038C749 /* CoreGraphics.framework in Frameworks */,
				F4547A6A1362E65800D39F65 /* CoreLocation.framework in Frameworks */,
			);
			runOnlyForDeploymentPostprocessing = 0;
		};
/* End PBXFrameworksBuildPhase section */

/* Begin PBXGroup section */
		8E13562813621BC80038C749 = {
			isa = PBXGroup;
			children = (
				8E2DBBAF13640C8B00F582DD /* MediaPlayer.framework */,
				8E13563D13621BC90038C749 /* NineteenEightyFour */,
				8E13565713621BCA0038C749 /* NineteenEightyFourTests */,
				8E13563613621BC90038C749 /* Frameworks */,
				8E13563413621BC90038C749 /* Products */,
			);
			sourceTree = "<group>";
		};
		8E13563413621BC90038C749 /* Products */ = {
			isa = PBXGroup;
			children = (
				8E13563313621BC90038C749 /* NineteenEightyFour.app */,
				8E13565113621BCA0038C749 /* NineteenEightyFourTests.octest */,
			);
			name = Products;
			sourceTree = "<group>";
		};
		8E13563613621BC90038C749 /* Frameworks */ = {
			isa = PBXGroup;
			children = (
				F41938DF13639A15000FF869 /* AVFoundation.framework */,
				F428CAEA1362C01600B93651 /* CoreLocation.framework */,
				8E13563713621BC90038C749 /* UIKit.framework */,
				8E13563913621BC90038C749 /* Foundation.framework */,
				8E13563B13621BC90038C749 /* CoreGraphics.framework */,
				8E13566C1362210E0038C749 /* MapKit.framework */,
			);
			name = Frameworks;
			sourceTree = "<group>";
		};
		8E13563D13621BC90038C749 /* NineteenEightyFour */ = {
			isa = PBXGroup;
			children = (
				8E13564613621BC90038C749 /* NineteenEightyFourAppDelegate.h */,
				8E13564713621BC90038C749 /* NineteenEightyFourAppDelegate.m */,
				F4547A661362E62200D39F65 /* Camera.h */,
				F4547A671362E62200D39F65 /* Camera.m */,
				8EB392A313636F5900E96B04 /* CameraOverlay.h */,
				8EB392A413636F5900E96B04 /* CameraOverlay.m */,
				8EB39296136367B600E96B04 /* CameraOverlayView.h */,
				8EB39297136367B600E96B04 /* CameraOverlayView.m */,
				F46B852E1362356600B56B4A /* GameViewController.h */,
				F46B852F1362356600B56B4A /* GameViewController.m */,
				F46B85301362356600B56B4A /* GameViewController.xib */,
				F49D2BD01363854E00DABCFE /* MenuViewController.h */,
				F49D2BD11363854E00DABCFE /* MenuViewController.m */,
				F49D2BD21363854E00DABCFE /* MenuViewController.xib */,
				8E13564913621BC90038C749 /* MainWindow.xib */,
				8E13563E13621BC90038C749 /* Supporting Files */,
				8E49DEC21362D57F0020D931 /* Resources */,
			);
			path = NineteenEightyFour;
			sourceTree = "<group>";
		};
		8E13563E13621BC90038C749 /* Supporting Files */ = {
			isa = PBXGroup;
			children = (
				8E13563F13621BC90038C749 /* NineteenEightyFour-Info.plist */,
				8E13564013621BC90038C749 /* InfoPlist.strings */,
				8E13564313621BC90038C749 /* NineteenEightyFour-Prefix.pch */,
				8E13564413621BC90038C749 /* main.m */,
			);
			name = "Supporting Files";
			sourceTree = "<group>";
		};
		8E13565713621BCA0038C749 /* NineteenEightyFourTests */ = {
			isa = PBXGroup;
			children = (
				8E13565813621BCA0038C749 /* Supporting Files */,
				F4547A631362E3DE00D39F65 /* CameraTests.m */,
			);
			path = NineteenEightyFourTests;
			sourceTree = "<group>";
		};
		8E13565813621BCA0038C749 /* Supporting Files */ = {
			isa = PBXGroup;
			children = (
				8E13565913621BCA0038C749 /* NineteenEightyFourTests-Info.plist */,
				8E13565A13621BCA0038C749 /* InfoPlist.strings */,
				8E13565D13621BCA0038C749 /* NineteenEightyFourTests-Prefix.pch */,
			);
			name = "Supporting Files";
			sourceTree = "<group>";
		};
		8E49DEC21362D57F0020D931 /* Resources */ = {
			isa = PBXGroup;
			children = (
				8EE2A80D13640378000A72B1 /* intro.m4v */,
				F41938E11363A075000FF869 /* son_game.wav */,
				F49D2BD813638E5D00DABCFE /* home.png */,
				8E1C8E37136338020081C5F7 /* Icon.png */,
				8E1C8E38136338020081C5F7 /* Icon@2.png */,
				F41938DC136398A7000FF869 /* intro.wav */,
				8E1C8E39136338020081C5F7 /* iTunesArtwork */,
				8EB392A613637A5100E96B04 /* oeil.png */,
				8E1C8E0113632D5D0081C5F7 /* vignette.png */,
			);
			path = Resources;
			sourceTree = "<group>";
		};
/* End PBXGroup section */

/* Begin PBXNativeTarget section */
		8E13563213621BC90038C749 /* NineteenEightyFour */ = {
			isa = PBXNativeTarget;
			buildConfigurationList = 8E13566413621BCA0038C749 /* Build configuration list for PBXNativeTarget "NineteenEightyFour" */;
			buildPhases = (
				8E13562F13621BC90038C749 /* Sources */,
				8E13563013621BC90038C749 /* Frameworks */,
				8E13563113621BC90038C749 /* Resources */,
			);
			buildRules = (
			);
			dependencies = (
			);
			name = NineteenEightyFour;
			productName = NineteenEightyFour;
			productReference = 8E13563313621BC90038C749 /* NineteenEightyFour.app */;
			productType = "com.apple.product-type.application";
		};
		8E13565013621BCA0038C749 /* NineteenEightyFourTests */ = {
			isa = PBXNativeTarget;
			buildConfigurationList = 8E13566713621BCA0038C749 /* Build configuration list for PBXNativeTarget "NineteenEightyFourTests" */;
			buildPhases = (
				8E13564C13621BCA0038C749 /* Sources */,
				8E13564D13621BCA0038C749 /* Frameworks */,
				8E13564E13621BCA0038C749 /* Resources */,
				8E13564F13621BCA0038C749 /* ShellScript */,
			);
			buildRules = (
			);
			dependencies = (
				8E13565613621BCA0038C749 /* PBXTargetDependency */,
			);
			name = NineteenEightyFourTests;
			productName = NineteenEightyFourTests;
			productReference = 8E13565113621BCA0038C749 /* NineteenEightyFourTests.octest */;
			productType = "com.apple.product-type.bundle";
		};
/* End PBXNativeTarget section */

/* Begin PBXProject section */
		8E13562A13621BC80038C749 /* Project object */ = {
			isa = PBXProject;
			attributes = {
				ORGANIZATIONNAME = "Jonathan Perret";
			};
			buildConfigurationList = 8E13562D13621BC90038C749 /* Build configuration list for PBXProject "NineteenEightyFour" */;
			compatibilityVersion = "Xcode 3.2";
			developmentRegion = English;
			hasScannedForEncodings = 0;
			knownRegions = (
				en,
			);
			mainGroup = 8E13562813621BC80038C749;
			productRefGroup = 8E13563413621BC90038C749 /* Products */;
			projectDirPath = "";
			projectRoot = "";
			targets = (
				8E13563213621BC90038C749 /* NineteenEightyFour */,
				8E13565013621BCA0038C749 /* NineteenEightyFourTests */,
			);
		};
/* End PBXProject section */

/* Begin PBXResourcesBuildPhase section */
		8E13563113621BC90038C749 /* Resources */ = {
			isa = PBXResourcesBuildPhase;
			buildActionMask = 2147483647;
			files = (
				8E13564213621BC90038C749 /* InfoPlist.strings in Resources */,
				8E13564B13621BC90038C749 /* MainWindow.xib in Resources */,
				F46B85321362356600B56B4A /* GameViewController.xib in Resources */,
				8E1C8E0213632D5D0081C5F7 /* vignette.png in Resources */,
				8E1C8E3A136338020081C5F7 /* Icon.png in Resources */,
				8E1C8E3B136338020081C5F7 /* Icon@2.png in Resources */,
				8E1C8E3C136338020081C5F7 /* iTunesArtwork in Resources */,
				8EB392A713637A5100E96B04 /* oeil.png in Resources */,
				F49D2BD41363854E00DABCFE /* MenuViewController.xib in Resources */,
				F49D2BD913638E5D00DABCFE /* home.png in Resources */,
				F41938DD136398A7000FF869 /* intro.wav in Resources */,
				F41938E21363A075000FF869 /* son_game.wav in Resources */,
				8EE2A80E13640378000A72B1 /* intro.m4v in Resources */,
			);
			runOnlyForDeploymentPostprocessing = 0;
		};
		8E13564E13621BCA0038C749 /* Resources */ = {
			isa = PBXResourcesBuildPhase;
			buildActionMask = 2147483647;
			files = (
				8E13565C13621BCA0038C749 /* InfoPlist.strings in Resources */,
			);
			runOnlyForDeploymentPostprocessing = 0;
		};
/* End PBXResourcesBuildPhase section */

/* Begin PBXShellScriptBuildPhase section */
		8E13564F13621BCA0038C749 /* ShellScript */ = {
			isa = PBXShellScriptBuildPhase;
			buildActionMask = 2147483647;
			files = (
			);
			inputPaths = (
			);
			outputPaths = (
			);
			runOnlyForDeploymentPostprocessing = 0;
			shellPath = /bin/sh;
			shellScript = "# Run the unit tests in this test bundle.\n\"${SYSTEM_DEVELOPER_DIR}/Tools/RunUnitTests\"\n";
		};
/* End PBXShellScriptBuildPhase section */

/* Begin PBXSourcesBuildPhase section */
		8E13562F13621BC90038C749 /* Sources */ = {
			isa = PBXSourcesBuildPhase;
			buildActionMask = 2147483647;
			files = (
				8E13564513621BC90038C749 /* main.m in Sources */,
				8E13564813621BC90038C749 /* NineteenEightyFourAppDelegate.m in Sources */,
				F46B85311362356600B56B4A /* GameViewController.m in Sources */,
				F4547A681362E62200D39F65 /* Camera.m in Sources */,
				8EB39298136367B700E96B04 /* CameraOverlayView.m in Sources */,
				8EB392A513636F5900E96B04 /* CameraOverlay.m in Sources */,
				F49D2BD31363854E00DABCFE /* MenuViewController.m in Sources */,
			);
			runOnlyForDeploymentPostprocessing = 0;
		};
		8E13564C13621BCA0038C749 /* Sources */ = {
			isa = PBXSourcesBuildPhase;
			buildActionMask = 2147483647;
			files = (
				F4547A641362E3DE00D39F65 /* CameraTests.m in Sources */,
				F4547A691362E62200D39F65 /* Camera.m in Sources */,
			);
			runOnlyForDeploymentPostprocessing = 0;
		};
/* End PBXSourcesBuildPhase section */

/* Begin PBXTargetDependency section */
		8E13565613621BCA0038C749 /* PBXTargetDependency */ = {
			isa = PBXTargetDependency;
			target = 8E13563213621BC90038C749 /* NineteenEightyFour */;
			targetProxy = 8E13565513621BCA0038C749 /* PBXContainerItemProxy */;
		};
/* End PBXTargetDependency section */

/* Begin PBXVariantGroup section */
		8E13564013621BC90038C749 /* InfoPlist.strings */ = {
			isa = PBXVariantGroup;
			children = (
				8E13564113621BC90038C749 /* en */,
			);
			name = InfoPlist.strings;
			sourceTree = "<group>";
		};
		8E13564913621BC90038C749 /* MainWindow.xib */ = {
			isa = PBXVariantGroup;
			children = (
				8E13564A13621BC90038C749 /* en */,
			);
			name = MainWindow.xib;
			sourceTree = "<group>";
		};
		8E13565A13621BCA0038C749 /* InfoPlist.strings */ = {
			isa = PBXVariantGroup;
			children = (
				8E13565B13621BCA0038C749 /* en */,
			);
			name = InfoPlist.strings;
			sourceTree = "<group>";
		};
/* End PBXVariantGroup section */

/* Begin XCBuildConfiguration section */
		8E13566213621BCA0038C749 /* Debug */ = {
			isa = XCBuildConfiguration;
			buildSettings = {
				ARCHS = "$(ARCHS_STANDARD_32_BIT)";
				"CODE_SIGN_IDENTITY[sdk=iphoneos*]" = "iPhone Developer";
				GCC_C_LANGUAGE_STANDARD = gnu99;
				GCC_OPTIMIZATION_LEVEL = 0;
				GCC_PREPROCESSOR_DEFINITIONS = DEBUG;
				GCC_SYMBOLS_PRIVATE_EXTERN = NO;
				GCC_VERSION = com.apple.compilers.llvmgcc42;
				GCC_WARN_ABOUT_RETURN_TYPE = YES;
				GCC_WARN_UNUSED_VARIABLE = YES;
				IPHONEOS_DEPLOYMENT_TARGET = 4.3;
				SDKROOT = iphoneos;
			};
			name = Debug;
		};
		8E13566313621BCA0038C749 /* Release */ = {
			isa = XCBuildConfiguration;
			buildSettings = {
				ARCHS = "$(ARCHS_STANDARD_32_BIT)";
				"CODE_SIGN_IDENTITY[sdk=iphoneos*]" = "iPhone Developer";
				GCC_C_LANGUAGE_STANDARD = gnu99;
				GCC_VERSION = com.apple.compilers.llvmgcc42;
				GCC_WARN_ABOUT_RETURN_TYPE = YES;
				GCC_WARN_UNUSED_VARIABLE = YES;
				IPHONEOS_DEPLOYMENT_TARGET = 4.3;
				OTHER_CFLAGS = "-DNS_BLOCK_ASSERTIONS=1";
				SDKROOT = iphoneos;
			};
			name = Release;
		};
		8E13566513621BCA0038C749 /* Debug */ = {
			isa = XCBuildConfiguration;
			buildSettings = {
				ALWAYS_SEARCH_USER_PATHS = NO;
				COPY_PHASE_STRIP = NO;
				GCC_DYNAMIC_NO_PIC = NO;
				GCC_PRECOMPILE_PREFIX_HEADER = YES;
				GCC_PREFIX_HEADER = "NineteenEightyFour/NineteenEightyFour-Prefix.pch";
				INFOPLIST_FILE = "NineteenEightyFour/NineteenEightyFour-Info.plist";
				PRODUCT_NAME = "$(TARGET_NAME)";
				WRAPPER_EXTENSION = app;
			};
			name = Debug;
		};
		8E13566613621BCA0038C749 /* Release */ = {
			isa = XCBuildConfiguration;
			buildSettings = {
				ALWAYS_SEARCH_USER_PATHS = NO;
				COPY_PHASE_STRIP = YES;
				GCC_PRECOMPILE_PREFIX_HEADER = YES;
				GCC_PREFIX_HEADER = "NineteenEightyFour/NineteenEightyFour-Prefix.pch";
				INFOPLIST_FILE = "NineteenEightyFour/NineteenEightyFour-Info.plist";
				PRODUCT_NAME = "$(TARGET_NAME)";
				VALIDATE_PRODUCT = YES;
				WRAPPER_EXTENSION = app;
			};
			name = Release;
		};
		8E13566813621BCA0038C749 /* Debug */ = {
			isa = XCBuildConfiguration;
			buildSettings = {
				ALWAYS_SEARCH_USER_PATHS = NO;
				BUNDLE_LOADER = "$(BUILT_PRODUCTS_DIR)/NineteenEightyFour.app/NineteenEightyFour";
				FRAMEWORK_SEARCH_PATHS = (
					"$(SDKROOT)/Developer/Library/Frameworks",
					"$(DEVELOPER_LIBRARY_DIR)/Frameworks",
				);
				GCC_PRECOMPILE_PREFIX_HEADER = YES;
				GCC_PREFIX_HEADER = "NineteenEightyFourTests/NineteenEightyFourTests-Prefix.pch";
				INFOPLIST_FILE = "NineteenEightyFourTests/NineteenEightyFourTests-Info.plist";
				OTHER_LDFLAGS = (
					"-framework",
					SenTestingKit,
				);
				PRODUCT_NAME = "$(TARGET_NAME)";
				TEST_AFTER_BUILD = YES;
				WRAPPER_EXTENSION = octest;
			};
			name = Debug;
		};
		8E13566913621BCA0038C749 /* Release */ = {
			isa = XCBuildConfiguration;
			buildSettings = {
				ALWAYS_SEARCH_USER_PATHS = NO;
				BUNDLE_LOADER = "$(BUILT_PRODUCTS_DIR)/NineteenEightyFour.app/NineteenEightyFour";
				FRAMEWORK_SEARCH_PATHS = (
					"$(SDKROOT)/Developer/Library/Frameworks",
					"$(DEVELOPER_LIBRARY_DIR)/Frameworks",
				);
				GCC_PRECOMPILE_PREFIX_HEADER = YES;
				GCC_PREFIX_HEADER = "NineteenEightyFourTests/NineteenEightyFourTests-Prefix.pch";
				INFOPLIST_FILE = "NineteenEightyFourTests/NineteenEightyFourTests-Info.plist";
				OTHER_LDFLAGS = (
					"-framework",
					SenTestingKit,
				);
				PRODUCT_NAME = "$(TARGET_NAME)";
				TEST_AFTER_BUILD = YES;
				WRAPPER_EXTENSION = octest;
			};
			name = Release;
		};
/* End XCBuildConfiguration section */

/* Begin XCConfigurationList section */
		8E13562D13621BC90038C749 /* Build configuration list for PBXProject "NineteenEightyFour" */ = {
			isa = XCConfigurationList;
			buildConfigurations = (
				8E13566213621BCA0038C749 /* Debug */,
				8E13566313621BCA0038C749 /* Release */,
			);
			defaultConfigurationIsVisible = 0;
			defaultConfigurationName = Release;
		};
		8E13566413621BCA0038C749 /* Build configuration list for PBXNativeTarget "NineteenEightyFour" */ = {
			isa = XCConfigurationList;
			buildConfigurations = (
				8E13566513621BCA0038C749 /* Debug */,
				8E13566613621BCA0038C749 /* Release */,
			);
			defaultConfigurationIsVisible = 0;
			defaultConfigurationName = Release;
		};
		8E13566713621BCA0038C749 /* Build configuration list for PBXNativeTarget "NineteenEightyFourTests" */ = {
			isa = XCConfigurationList;
			buildConfigurations = (
				8E13566813621BCA0038C749 /* Debug */,
				8E13566913621BCA0038C749 /* Release */,
			);
			defaultConfigurationIsVisible = 0;
			defaultConfigurationName = Release;
		};
/* End XCConfigurationList section */
	};
	rootObject = 8E13562A13621BC80038C749 /* Project object */;
}
